
Microsoft Visual Studio Solution File, Format Version 12.00
# Visual Studio 14
VisualStudioVersion = 14.0.23107.0
MinimumVisualStudioVersion = 10.0.40219.1
Project("{FAE04EC0-301F-11D3-BF4B-00C04F79EFBC}") = "TDSwe15", "TDSwe15\TDSwe15.csproj", "{802032D3-111A-4139-B1D6-FFCF4C29AAAE}"
EndProject
Project("{2150E333-8FDC-42A3-9474-1A3956D46DE8}") = "PublishScripts", "PublishScripts", "{443D62EA-5D28-49BC-96C6-18C66C8E8140}"
	ProjectSection(SolutionItems) = preProject
		PublishScripts\AzureVMPublishModule.psm1 = PublishScripts\AzureVMPublishModule.psm1
		PublishScripts\Publish-WebApplicationVM.ps1 = PublishScripts\Publish-WebApplicationVM.ps1
	EndProjectSection
EndProject
Project("{2150E333-8FDC-42A3-9474-1A3956D46DE8}") = "Configurations", "Configurations", "{2D625E47-50C9-452B-9CD0-EB2FBBF77DC0}"
	ProjectSection(SolutionItems) = preProject
		PublishScripts\Configurations\TDSwe15-WAWS-dev.json = PublishScripts\Configurations\TDSwe15-WAWS-dev.json
	EndProjectSection
EndProject
Global
	GlobalSection(SolutionConfigurationPlatforms) = preSolution
		Debug|Any CPU = Debug|Any CPU
		Release|Any CPU = Release|Any CPU
	EndGlobalSection
	GlobalSection(ProjectConfigurationPlatforms) = postSolution
		{802032D3-111A-4139-B1D6-FFCF4C29AAAE}.Debug|Any CPU.ActiveCfg = Debug|Any CPU
		{802032D3-111A-4139-B1D6-FFCF4C29AAAE}.Debug|Any CPU.Build.0 = Debug|Any CPU
		{802032D3-111A-4139-B1D6-FFCF4C29AAAE}.Release|Any CPU.ActiveCfg = Release|Any CPU
		{802032D3-111A-4139-B1D6-FFCF4C29AAAE}.Release|Any CPU.Build.0 = Release|Any CPU
	EndGlobalSection
	GlobalSection(SolutionProperties) = preSolution
		HideSolutionNode = FALSE
	EndGlobalSection
	GlobalSection(NestedProjects) = preSolution
		{2D625E47-50C9-452B-9CD0-EB2FBBF77DC0} = {443D62EA-5D28-49BC-96C6-18C66C8E8140}
	EndGlobalSection
EndGlobal
